{
    "requires": true,
    "lockfileVersion": 1,
    "dependencies": {
        "async-limiter": {
            "version": "1.0.1",
            "resolved": "https://registry.npmjs.org/async-limiter/-/async-limiter-1.0.1.tgz",
            "integrity": "sha512-csOlWGAcRFJaI6m+F2WKdnMKr4HhdhFVBk0H/QbJFMCr+uO2kwohwXQPxw/9OCxp05r5ghVBFSyioixx3gfkNQ=="
        },
        "blake3": {
            "version": "2.1.4",
            "resolved": "https://registry.npmjs.org/blake3/-/blake3-2.1.4.tgz",
            "integrity": "sha512-70hmx0lPd6zmtNwxPT4/1P0pqaEUlTJ0noUBvCXPLfMpN0o8PPaK3q7ZlpRIyhrqcXxeMAJSowNm/L9oi/x1XA=="
        },
        "libsodium": {
            "version": "0.7.6",
            "resolved": "https://registry.npmjs.org/libsodium/-/libsodium-0.7.6.tgz",
            "integrity": "sha512-hPb/04sEuLcTRdWDtd+xH3RXBihpmbPCsKW/Jtf4PsvdyKh+D6z2D2gvp/5BfoxseP+0FCOg66kE+0oGUE/loQ=="
        },
        "libsodium-wrappers": {
            "version": "0.7.6",
            "resolved": "https://registry.npmjs.org/libsodium-wrappers/-/libsodium-wrappers-0.7.6.tgz",
            "integrity": "sha512-OUO2CWW5bHdLr6hkKLHIKI4raEkZrf3QHkhXsJ1yCh6MZ3JDA7jFD3kCATNquuGSG6MjjPHQIQms0y0gBDzjQg==",
            "requires": {
                "libsodium": "0.7.6"
            }
        },
        "ws": {
            "version": "7.1.2",
            "resolved": "https://registry.npmjs.org/ws/-/ws-7.1.2.tgz",
            "integrity": "sha512-gftXq3XI81cJCgkUiAVixA0raD9IVmXqsylCrjRygw4+UOOGzPoxnQ6r/CnVL9i+mDncJo94tSkyrtuuQVBmrg==",
            "requires": {
                "async-limiter": "^1.0.0"
            }
        }
    }
}
